
Microsoft Visual Studio Solution File, Format Version 12.00
# Visual Studio Version 17
VisualStudioVersion = 17.4.33205.214
MinimumVisualStudioVersion = 10.0.40219.1
Project("{2150E333-8FDC-42A3-9474-1A3956D46DE8}") = "01.SumSeconds", "01.SumSeconds", "{BDA7A4DC-CCBF-47D0-80D9-56994FD2F395}"
EndProject
Project("{FAE04EC0-301F-11D3-BF4B-00C04F79EFBC}") = "01.SumSeconds", "01.SumSeconds\01.SumSeconds.csproj", "{BF1DB78C-008F-486E-BA33-20D14A301C41}"
EndProject
Project("{2150E333-8FDC-42A3-9474-1A3956D46DE8}") = "02.BonusScore", "02.BonusScore", "{B2E4F6FF-01BB-4D87-BD34-7941B40094E6}"
EndProject
Project("{FAE04EC0-301F-11D3-BF4B-00C04F79EFBC}") = "02.BonusScore", "02.BonusScore\02.BonusScore.csproj", "{03562985-7270-4F6A-B3C2-F68E33D603A8}"
EndProject
Project("{2150E333-8FDC-42A3-9474-1A3956D46DE8}") = "03.TimePlus15Minutes", "03.TimePlus15Minutes", "{805E758F-0527-4461-A29E-8F5E253CD499}"
EndProject
Project("{FAE04EC0-301F-11D3-BF4B-00C04F79EFBC}") = "03.TimePlus15Minutes", "03.TimePlus15Minutes\03.TimePlus15Minutes.csproj", "{17C8119A-B9A8-4D7E-B600-B583E36941B8}"
EndProject
Project("{2150E333-8FDC-42A3-9474-1A3956D46DE8}") = "04.ToyShop", "04.ToyShop", "{E53E2D64-C4F7-46FC-8C8A-51099E690428}"
EndProject
Project("{FAE04EC0-301F-11D3-BF4B-00C04F79EFBC}") = "04.ToyShop", "04.ToyShop\04.ToyShop.csproj", "{1D29C228-5E97-49F0-9FED-53B88E04A33A}"
EndProject
Project("{2150E333-8FDC-42A3-9474-1A3956D46DE8}") = "05.GodzillaVsKong", "05.GodzillaVsKong", "{79FFB115-37C7-419C-98B0-BF1541E0FC71}"
EndProject
Project("{FAE04EC0-301F-11D3-BF4B-00C04F79EFBC}") = "05.GodzillaVsKong", "05.GodzillaVsKong\05.GodzillaVsKong.csproj", "{ABBA7130-0838-4784-B40A-D8AEE840B103}"
EndProject
Project("{2150E333-8FDC-42A3-9474-1A3956D46DE8}") = "06.WorldSwimmingRecord", "06.WorldSwimmingRecord", "{E6B764C8-CA5E-44B8-8CF0-C70212F65AC3}"
EndProject
Project("{FAE04EC0-301F-11D3-BF4B-00C04F79EFBC}") = "06.WorldSwimmingRecord", "06.WorldSwimmingRecord\06.WorldSwimmingRecord.csproj", "{59524E7D-2FDA-4130-8CA3-5A9EBEED0956}"
EndProject
Project("{2150E333-8FDC-42A3-9474-1A3956D46DE8}") = "07.Shopping", "07.Shopping", "{78CCADC7-D1C3-4213-8646-FC7909CA6958}"
EndProject
Project("{FAE04EC0-301F-11D3-BF4B-00C04F79EFBC}") = "07.Shopping", "07.Shopping\07.Shopping.csproj", "{DE5F828A-3B52-415E-80A1-6A1007767145}"
EndProject
Project("{2150E333-8FDC-42A3-9474-1A3956D46DE8}") = "08.LunchBreak", "08.LunchBreak", "{96CC33A2-EFA7-426E-A1C1-A13455F8A2F5}"
EndProject
Project("{FAE04EC0-301F-11D3-BF4B-00C04F79EFBC}") = "08.LunchBreak", "08.LunchBreak\08.LunchBreak.csproj", "{AC591B8F-B3EC-4138-95BB-B33B8BF63AA0}"
EndProject
Global
	GlobalSection(SolutionConfigurationPlatforms) = preSolution
		Debug|Any CPU = Debug|Any CPU
		Release|Any CPU = Release|Any CPU
	EndGlobalSection
	GlobalSection(ProjectConfigurationPlatforms) = postSolution
		{BF1DB78C-008F-486E-BA33-20D14A301C41}.Debug|Any CPU.ActiveCfg = Debug|Any CPU
		{BF1DB78C-008F-486E-BA33-20D14A301C41}.Debug|Any CPU.Build.0 = Debug|Any CPU
		{BF1DB78C-008F-486E-BA33-20D14A301C41}.Release|Any CPU.ActiveCfg = Release|Any CPU
		{BF1DB78C-008F-486E-BA33-20D14A301C41}.Release|Any CPU.Build.0 = Release|Any CPU
		{03562985-7270-4F6A-B3C2-F68E33D603A8}.Debug|Any CPU.ActiveCfg = Debug|Any CPU
		{03562985-7270-4F6A-B3C2-F68E33D603A8}.Debug|Any CPU.Build.0 = Debug|Any CPU
		{03562985-7270-4F6A-B3C2-F68E33D603A8}.Release|Any CPU.ActiveCfg = Release|Any CPU
		{03562985-7270-4F6A-B3C2-F68E33D603A8}.Release|Any CPU.Build.0 = Release|Any CPU
		{17C8119A-B9A8-4D7E-B600-B583E36941B8}.Debug|Any CPU.ActiveCfg = Debug|Any CPU
		{17C8119A-B9A8-4D7E-B600-B583E36941B8}.Debug|Any CPU.Build.0 = Debug|Any CPU
		{17C8119A-B9A8-4D7E-B600-B583E36941B8}.Release|Any CPU.ActiveCfg = Release|Any CPU
		{17C8119A-B9A8-4D7E-B600-B583E36941B8}.Release|Any CPU.Build.0 = Release|Any CPU
		{1D29C228-5E97-49F0-9FED-53B88E04A33A}.Debug|Any CPU.ActiveCfg = Debug|Any CPU
		{1D29C228-5E97-49F0-9FED-53B88E04A33A}.Debug|Any CPU.Build.0 = Debug|Any CPU
		{1D29C228-5E97-49F0-9FED-53B88E04A33A}.Release|Any CPU.ActiveCfg = Release|Any CPU
		{1D29C228-5E97-49F0-9FED-53B88E04A33A}.Release|Any CPU.Build.0 = Release|Any CPU
		{ABBA7130-0838-4784-B40A-D8AEE840B103}.Debug|Any CPU.ActiveCfg = Debug|Any CPU
		{ABBA7130-0838-4784-B40A-D8AEE840B103}.Debug|Any CPU.Build.0 = Debug|Any CPU
		{ABBA7130-0838-4784-B40A-D8AEE840B103}.Release|Any CPU.ActiveCfg = Release|Any CPU
		{ABBA7130-0838-4784-B40A-D8AEE840B103}.Release|Any CPU.Build.0 = Release|Any CPU
		{59524E7D-2FDA-4130-8CA3-5A9EBEED0956}.Debug|Any CPU.ActiveCfg = Debug|Any CPU
		{59524E7D-2FDA-4130-8CA3-5A9EBEED0956}.Debug|Any CPU.Build.0 = Debug|Any CPU
		{59524E7D-2FDA-4130-8CA3-5A9EBEED0956}.Release|Any CPU.ActiveCfg = Release|Any CPU
		{59524E7D-2FDA-4130-8CA3-5A9EBEED0956}.Release|Any CPU.Build.0 = Release|Any CPU
		{DE5F828A-3B52-415E-80A1-6A1007767145}.Debug|Any CPU.ActiveCfg = Debug|Any CPU
		{DE5F828A-3B52-415E-80A1-6A1007767145}.Debug|Any CPU.Build.0 = Debug|Any CPU
		{DE5F828A-3B52-415E-80A1-6A1007767145}.Release|Any CPU.ActiveCfg = Release|Any CPU
		{DE5F828A-3B52-415E-80A1-6A1007767145}.Release|Any CPU.Build.0 = Release|Any CPU
		{AC591B8F-B3EC-4138-95BB-B33B8BF63AA0}.Debug|Any CPU.ActiveCfg = Debug|Any CPU
		{AC591B8F-B3EC-4138-95BB-B33B8BF63AA0}.Debug|Any CPU.Build.0 = Debug|Any CPU
		{AC591B8F-B3EC-4138-95BB-B33B8BF63AA0}.Release|Any CPU.ActiveCfg = Release|Any CPU
		{AC591B8F-B3EC-4138-95BB-B33B8BF63AA0}.Release|Any CPU.Build.0 = Release|Any CPU
	EndGlobalSection
	GlobalSection(SolutionProperties) = preSolution
		HideSolutionNode = FALSE
	EndGlobalSection
	GlobalSection(NestedProjects) = preSolution
		{BF1DB78C-008F-486E-BA33-20D14A301C41} = {BDA7A4DC-CCBF-47D0-80D9-56994FD2F395}
		{03562985-7270-4F6A-B3C2-F68E33D603A8} = {B2E4F6FF-01BB-4D87-BD34-7941B40094E6}
		{17C8119A-B9A8-4D7E-B600-B583E36941B8} = {805E758F-0527-4461-A29E-8F5E253CD499}
		{1D29C228-5E97-49F0-9FED-53B88E04A33A} = {E53E2D64-C4F7-46FC-8C8A-51099E690428}
		{ABBA7130-0838-4784-B40A-D8AEE840B103} = {79FFB115-37C7-419C-98B0-BF1541E0FC71}
		{59524E7D-2FDA-4130-8CA3-5A9EBEED0956} = {E6B764C8-CA5E-44B8-8CF0-C70212F65AC3}
		{DE5F828A-3B52-415E-80A1-6A1007767145} = {78CCADC7-D1C3-4213-8646-FC7909CA6958}
		{AC591B8F-B3EC-4138-95BB-B33B8BF63AA0} = {96CC33A2-EFA7-426E-A1C1-A13455F8A2F5}
	EndGlobalSection
	GlobalSection(ExtensibilityGlobals) = postSolution
		SolutionGuid = {B8309AB2-54FC-4DA9-B79C-C6578C952680}
	EndGlobalSection
EndGlobal
