
Microsoft Visual Studio Solution File, Format Version 12.00
# Visual Studio Version 17
VisualStudioVersion = 17.4.33205.214
MinimumVisualStudioVersion = 10.0.40219.1
Project("{2150E333-8FDC-42A3-9474-1A3956D46DE8}") = "01.NumbersEndingIn7", "01.NumbersEndingIn7", "{E37EB208-A5CE-41F4-BCA2-99474EBA8A71}"
EndProject
Project("{FAE04EC0-301F-11D3-BF4B-00C04F79EFBC}") = "01.NumbersEndingIn7", "01.NumbersEndingIn7\01.NumbersEndingIn7.csproj", "{C7DB7C91-C4B6-4634-A84E-87D2BA655928}"
EndProject
Project("{2150E333-8FDC-42A3-9474-1A3956D46DE8}") = "02.HalfSumElement", "02.HalfSumElement", "{9959E99F-AF14-4C75-8DDD-0262574566BD}"
EndProject
Project("{FAE04EC0-301F-11D3-BF4B-00C04F79EFBC}") = "02.HalfSumElement", "02.HalfSumElement\02.HalfSumElement.csproj", "{0AE93BF5-ED4D-4EAB-B2B4-D22E36193168}"
EndProject
Project("{2150E333-8FDC-42A3-9474-1A3956D46DE8}") = "03.Histogram", "03.Histogram", "{8EE0D23B-E8D7-43C9-B23C-566467DE7ABE}"
EndProject
Project("{FAE04EC0-301F-11D3-BF4B-00C04F79EFBC}") = "03.Histogram", "03.Histogram\03.Histogram.csproj", "{A9C04EAD-356B-442C-986E-EAA600A92ADA}"
EndProject
Project("{2150E333-8FDC-42A3-9474-1A3956D46DE8}") = "04.CleverLily", "04.CleverLily", "{1DFAAB5F-3A2D-400C-A6C6-D9E890994774}"
EndProject
Project("{FAE04EC0-301F-11D3-BF4B-00C04F79EFBC}") = "04.CleverLily", "04.CleverLily\04.CleverLily.csproj", "{E5030D14-7429-46D8-B7A2-AB616382C6EF}"
EndProject
Project("{2150E333-8FDC-42A3-9474-1A3956D46DE8}") = "05.Salary", "05.Salary", "{69C2B36B-9F8B-442C-88B6-F74CF407F23B}"
EndProject
Project("{FAE04EC0-301F-11D3-BF4B-00C04F79EFBC}") = "05.Salary", "05.Salary\05.Salary.csproj", "{A9F274C8-2E78-4CCB-BBD8-5C86EA8F1EF0}"
EndProject
Project("{2150E333-8FDC-42A3-9474-1A3956D46DE8}") = "06.Oscars", "06.Oscars", "{982F9138-ABA5-44DB-8041-A8221C116FA4}"
EndProject
Project("{FAE04EC0-301F-11D3-BF4B-00C04F79EFBC}") = "06.Oscars", "06.Oscars\06.Oscars.csproj", "{7B20E7A1-6BC8-45F9-8774-12F6C4AE0736}"
EndProject
Project("{2150E333-8FDC-42A3-9474-1A3956D46DE8}") = "07.TrekkingMania", "07.TrekkingMania", "{5479B9CA-B012-4493-8B5A-0511D3F1D9D8}"
EndProject
Project("{FAE04EC0-301F-11D3-BF4B-00C04F79EFBC}") = "07.TrekkingMania", "07.TrekkingMania\07.TrekkingMania.csproj", "{D944C155-8507-4D0E-8C57-A6F44923BD3A}"
EndProject
Project("{2150E333-8FDC-42A3-9474-1A3956D46DE8}") = "08.TennisRanklist", "08.TennisRanklist", "{8F3FE806-91CB-4AFF-9BA2-B8B96212678B}"
EndProject
Project("{FAE04EC0-301F-11D3-BF4B-00C04F79EFBC}") = "08.TennisRanklist", "08.TennisRanklist\08.TennisRanklist.csproj", "{2C7515C8-1246-4173-A6D2-6A5C83FC60CA}"
EndProject
Global
	GlobalSection(SolutionConfigurationPlatforms) = preSolution
		Debug|Any CPU = Debug|Any CPU
		Release|Any CPU = Release|Any CPU
	EndGlobalSection
	GlobalSection(ProjectConfigurationPlatforms) = postSolution
		{C7DB7C91-C4B6-4634-A84E-87D2BA655928}.Debug|Any CPU.ActiveCfg = Debug|Any CPU
		{C7DB7C91-C4B6-4634-A84E-87D2BA655928}.Debug|Any CPU.Build.0 = Debug|Any CPU
		{C7DB7C91-C4B6-4634-A84E-87D2BA655928}.Release|Any CPU.ActiveCfg = Release|Any CPU
		{C7DB7C91-C4B6-4634-A84E-87D2BA655928}.Release|Any CPU.Build.0 = Release|Any CPU
		{0AE93BF5-ED4D-4EAB-B2B4-D22E36193168}.Debug|Any CPU.ActiveCfg = Debug|Any CPU
		{0AE93BF5-ED4D-4EAB-B2B4-D22E36193168}.Debug|Any CPU.Build.0 = Debug|Any CPU
		{0AE93BF5-ED4D-4EAB-B2B4-D22E36193168}.Release|Any CPU.ActiveCfg = Release|Any CPU
		{0AE93BF5-ED4D-4EAB-B2B4-D22E36193168}.Release|Any CPU.Build.0 = Release|Any CPU
		{A9C04EAD-356B-442C-986E-EAA600A92ADA}.Debug|Any CPU.ActiveCfg = Debug|Any CPU
		{A9C04EAD-356B-442C-986E-EAA600A92ADA}.Debug|Any CPU.Build.0 = Debug|Any CPU
		{A9C04EAD-356B-442C-986E-EAA600A92ADA}.Release|Any CPU.ActiveCfg = Release|Any CPU
		{A9C04EAD-356B-442C-986E-EAA600A92ADA}.Release|Any CPU.Build.0 = Release|Any CPU
		{E5030D14-7429-46D8-B7A2-AB616382C6EF}.Debug|Any CPU.ActiveCfg = Debug|Any CPU
		{E5030D14-7429-46D8-B7A2-AB616382C6EF}.Debug|Any CPU.Build.0 = Debug|Any CPU
		{E5030D14-7429-46D8-B7A2-AB616382C6EF}.Release|Any CPU.ActiveCfg = Release|Any CPU
		{E5030D14-7429-46D8-B7A2-AB616382C6EF}.Release|Any CPU.Build.0 = Release|Any CPU
		{A9F274C8-2E78-4CCB-BBD8-5C86EA8F1EF0}.Debug|Any CPU.ActiveCfg = Debug|Any CPU
		{A9F274C8-2E78-4CCB-BBD8-5C86EA8F1EF0}.Debug|Any CPU.Build.0 = Debug|Any CPU
		{A9F274C8-2E78-4CCB-BBD8-5C86EA8F1EF0}.Release|Any CPU.ActiveCfg = Release|Any CPU
		{A9F274C8-2E78-4CCB-BBD8-5C86EA8F1EF0}.Release|Any CPU.Build.0 = Release|Any CPU
		{7B20E7A1-6BC8-45F9-8774-12F6C4AE0736}.Debug|Any CPU.ActiveCfg = Debug|Any CPU
		{7B20E7A1-6BC8-45F9-8774-12F6C4AE0736}.Debug|Any CPU.Build.0 = Debug|Any CPU
		{7B20E7A1-6BC8-45F9-8774-12F6C4AE0736}.Release|Any CPU.ActiveCfg = Release|Any CPU
		{7B20E7A1-6BC8-45F9-8774-12F6C4AE0736}.Release|Any CPU.Build.0 = Release|Any CPU
		{D944C155-8507-4D0E-8C57-A6F44923BD3A}.Debug|Any CPU.ActiveCfg = Debug|Any CPU
		{D944C155-8507-4D0E-8C57-A6F44923BD3A}.Debug|Any CPU.Build.0 = Debug|Any CPU
		{D944C155-8507-4D0E-8C57-A6F44923BD3A}.Release|Any CPU.ActiveCfg = Release|Any CPU
		{D944C155-8507-4D0E-8C57-A6F44923BD3A}.Release|Any CPU.Build.0 = Release|Any CPU
		{2C7515C8-1246-4173-A6D2-6A5C83FC60CA}.Debug|Any CPU.ActiveCfg = Debug|Any CPU
		{2C7515C8-1246-4173-A6D2-6A5C83FC60CA}.Debug|Any CPU.Build.0 = Debug|Any CPU
		{2C7515C8-1246-4173-A6D2-6A5C83FC60CA}.Release|Any CPU.ActiveCfg = Release|Any CPU
		{2C7515C8-1246-4173-A6D2-6A5C83FC60CA}.Release|Any CPU.Build.0 = Release|Any CPU
	EndGlobalSection
	GlobalSection(SolutionProperties) = preSolution
		HideSolutionNode = FALSE
	EndGlobalSection
	GlobalSection(NestedProjects) = preSolution
		{C7DB7C91-C4B6-4634-A84E-87D2BA655928} = {E37EB208-A5CE-41F4-BCA2-99474EBA8A71}
		{0AE93BF5-ED4D-4EAB-B2B4-D22E36193168} = {9959E99F-AF14-4C75-8DDD-0262574566BD}
		{A9C04EAD-356B-442C-986E-EAA600A92ADA} = {8EE0D23B-E8D7-43C9-B23C-566467DE7ABE}
		{E5030D14-7429-46D8-B7A2-AB616382C6EF} = {1DFAAB5F-3A2D-400C-A6C6-D9E890994774}
		{A9F274C8-2E78-4CCB-BBD8-5C86EA8F1EF0} = {69C2B36B-9F8B-442C-88B6-F74CF407F23B}
		{7B20E7A1-6BC8-45F9-8774-12F6C4AE0736} = {982F9138-ABA5-44DB-8041-A8221C116FA4}
		{D944C155-8507-4D0E-8C57-A6F44923BD3A} = {5479B9CA-B012-4493-8B5A-0511D3F1D9D8}
		{2C7515C8-1246-4173-A6D2-6A5C83FC60CA} = {8F3FE806-91CB-4AFF-9BA2-B8B96212678B}
	EndGlobalSection
	GlobalSection(ExtensibilityGlobals) = postSolution
		SolutionGuid = {201DA5D5-0633-4FC5-AD54-5FB1DE9DCE48}
	EndGlobalSection
EndGlobal
