
Microsoft Visual Studio Solution File, Format Version 12.00
# Visual Studio Version 17
VisualStudioVersion = 17.4.33205.214
MinimumVisualStudioVersion = 10.0.40219.1
Project("{2150E333-8FDC-42A3-9474-1A3956D46DE8}") = "01.OldBooks", "01.OldBooks", "{6C4D0E54-34F5-41C0-88FD-048596D40CDB}"
EndProject
Project("{FAE04EC0-301F-11D3-BF4B-00C04F79EFBC}") = "01.OldBooks", "01.OldBooks\01.OldBooks.csproj", "{16D81044-5559-4B9B-9C5A-054D9472844E}"
EndProject
Project("{2150E333-8FDC-42A3-9474-1A3956D46DE8}") = "02.ExamPreparation", "02.ExamPreparation", "{FC19DED4-50A7-448F-A8BD-CB9F85F0D729}"
EndProject
Project("{FAE04EC0-301F-11D3-BF4B-00C04F79EFBC}") = "02.ExamPreparation", "02.ExamPreparation\02.ExamPreparation.csproj", "{665E7E05-A4BE-4D74-B525-3D03F6E368D8}"
EndProject
Project("{2150E333-8FDC-42A3-9474-1A3956D46DE8}") = "03.Vacation", "03.Vacation", "{5046FFA5-89AD-486E-92E7-F6A0C9057D24}"
EndProject
Project("{FAE04EC0-301F-11D3-BF4B-00C04F79EFBC}") = "03.Vacation", "03.Vacation\03.Vacation.csproj", "{28BA713A-532B-4D66-8B97-F2C087DD38BF}"
EndProject
Project("{2150E333-8FDC-42A3-9474-1A3956D46DE8}") = "04.Walking", "04.Walking", "{249C4CA0-2783-494B-A0F4-CB879446A1AE}"
EndProject
Project("{FAE04EC0-301F-11D3-BF4B-00C04F79EFBC}") = "04.Walking", "04.Walking\04.Walking.csproj", "{D5468887-0A73-4E28-96DA-DD7F4E7A69EE}"
EndProject
Project("{2150E333-8FDC-42A3-9474-1A3956D46DE8}") = "05.Coins", "05.Coins", "{C4CA4057-CA39-457F-85C6-CD2F9A5F6DA7}"
EndProject
Project("{FAE04EC0-301F-11D3-BF4B-00C04F79EFBC}") = "05.Coins", "05.Coins\05.Coins.csproj", "{F2AD0F52-A318-43BC-8671-FFB06D1FC18C}"
EndProject
Project("{2150E333-8FDC-42A3-9474-1A3956D46DE8}") = "06.Cake", "06.Cake", "{2D04A75A-2CA1-4C9B-8DC4-766A626AB240}"
EndProject
Project("{FAE04EC0-301F-11D3-BF4B-00C04F79EFBC}") = "06.Cake", "06.Cake\06.Cake.csproj", "{A16454DB-E71F-4D23-A71B-355A595E44C8}"
EndProject
Project("{2150E333-8FDC-42A3-9474-1A3956D46DE8}") = "07.Moving", "07.Moving", "{E5A332A1-5C5E-49F6-A29A-FC3BE416A233}"
EndProject
Project("{FAE04EC0-301F-11D3-BF4B-00C04F79EFBC}") = "07.Moving", "07.Moving\07.Moving.csproj", "{EADCBBC0-FA0C-4CC5-B0B6-1003005FD1D8}"
EndProject
Global
	GlobalSection(SolutionConfigurationPlatforms) = preSolution
		Debug|Any CPU = Debug|Any CPU
		Release|Any CPU = Release|Any CPU
	EndGlobalSection
	GlobalSection(ProjectConfigurationPlatforms) = postSolution
		{16D81044-5559-4B9B-9C5A-054D9472844E}.Debug|Any CPU.ActiveCfg = Debug|Any CPU
		{16D81044-5559-4B9B-9C5A-054D9472844E}.Debug|Any CPU.Build.0 = Debug|Any CPU
		{16D81044-5559-4B9B-9C5A-054D9472844E}.Release|Any CPU.ActiveCfg = Release|Any CPU
		{16D81044-5559-4B9B-9C5A-054D9472844E}.Release|Any CPU.Build.0 = Release|Any CPU
		{665E7E05-A4BE-4D74-B525-3D03F6E368D8}.Debug|Any CPU.ActiveCfg = Debug|Any CPU
		{665E7E05-A4BE-4D74-B525-3D03F6E368D8}.Debug|Any CPU.Build.0 = Debug|Any CPU
		{665E7E05-A4BE-4D74-B525-3D03F6E368D8}.Release|Any CPU.ActiveCfg = Release|Any CPU
		{665E7E05-A4BE-4D74-B525-3D03F6E368D8}.Release|Any CPU.Build.0 = Release|Any CPU
		{28BA713A-532B-4D66-8B97-F2C087DD38BF}.Debug|Any CPU.ActiveCfg = Debug|Any CPU
		{28BA713A-532B-4D66-8B97-F2C087DD38BF}.Debug|Any CPU.Build.0 = Debug|Any CPU
		{28BA713A-532B-4D66-8B97-F2C087DD38BF}.Release|Any CPU.ActiveCfg = Release|Any CPU
		{28BA713A-532B-4D66-8B97-F2C087DD38BF}.Release|Any CPU.Build.0 = Release|Any CPU
		{D5468887-0A73-4E28-96DA-DD7F4E7A69EE}.Debug|Any CPU.ActiveCfg = Debug|Any CPU
		{D5468887-0A73-4E28-96DA-DD7F4E7A69EE}.Debug|Any CPU.Build.0 = Debug|Any CPU
		{D5468887-0A73-4E28-96DA-DD7F4E7A69EE}.Release|Any CPU.ActiveCfg = Release|Any CPU
		{D5468887-0A73-4E28-96DA-DD7F4E7A69EE}.Release|Any CPU.Build.0 = Release|Any CPU
		{F2AD0F52-A318-43BC-8671-FFB06D1FC18C}.Debug|Any CPU.ActiveCfg = Debug|Any CPU
		{F2AD0F52-A318-43BC-8671-FFB06D1FC18C}.Debug|Any CPU.Build.0 = Debug|Any CPU
		{F2AD0F52-A318-43BC-8671-FFB06D1FC18C}.Release|Any CPU.ActiveCfg = Release|Any CPU
		{F2AD0F52-A318-43BC-8671-FFB06D1FC18C}.Release|Any CPU.Build.0 = Release|Any CPU
		{A16454DB-E71F-4D23-A71B-355A595E44C8}.Debug|Any CPU.ActiveCfg = Debug|Any CPU
		{A16454DB-E71F-4D23-A71B-355A595E44C8}.Debug|Any CPU.Build.0 = Debug|Any CPU
		{A16454DB-E71F-4D23-A71B-355A595E44C8}.Release|Any CPU.ActiveCfg = Release|Any CPU
		{A16454DB-E71F-4D23-A71B-355A595E44C8}.Release|Any CPU.Build.0 = Release|Any CPU
		{EADCBBC0-FA0C-4CC5-B0B6-1003005FD1D8}.Debug|Any CPU.ActiveCfg = Debug|Any CPU
		{EADCBBC0-FA0C-4CC5-B0B6-1003005FD1D8}.Debug|Any CPU.Build.0 = Debug|Any CPU
		{EADCBBC0-FA0C-4CC5-B0B6-1003005FD1D8}.Release|Any CPU.ActiveCfg = Release|Any CPU
		{EADCBBC0-FA0C-4CC5-B0B6-1003005FD1D8}.Release|Any CPU.Build.0 = Release|Any CPU
	EndGlobalSection
	GlobalSection(SolutionProperties) = preSolution
		HideSolutionNode = FALSE
	EndGlobalSection
	GlobalSection(NestedProjects) = preSolution
		{16D81044-5559-4B9B-9C5A-054D9472844E} = {6C4D0E54-34F5-41C0-88FD-048596D40CDB}
		{665E7E05-A4BE-4D74-B525-3D03F6E368D8} = {FC19DED4-50A7-448F-A8BD-CB9F85F0D729}
		{28BA713A-532B-4D66-8B97-F2C087DD38BF} = {5046FFA5-89AD-486E-92E7-F6A0C9057D24}
		{D5468887-0A73-4E28-96DA-DD7F4E7A69EE} = {249C4CA0-2783-494B-A0F4-CB879446A1AE}
		{F2AD0F52-A318-43BC-8671-FFB06D1FC18C} = {C4CA4057-CA39-457F-85C6-CD2F9A5F6DA7}
		{A16454DB-E71F-4D23-A71B-355A595E44C8} = {2D04A75A-2CA1-4C9B-8DC4-766A626AB240}
		{EADCBBC0-FA0C-4CC5-B0B6-1003005FD1D8} = {E5A332A1-5C5E-49F6-A29A-FC3BE416A233}
	EndGlobalSection
	GlobalSection(ExtensibilityGlobals) = postSolution
		SolutionGuid = {07B601B1-422A-4430-9EBA-DF695595AA24}
	EndGlobalSection
EndGlobal
