
Microsoft Visual Studio Solution File, Format Version 12.00
# Visual Studio Version 17
VisualStudioVersion = 17.4.33205.214
MinimumVisualStudioVersion = 10.0.40219.1
Project("{2150E333-8FDC-42A3-9474-1A3956D46DE8}") = "01.PoolDay", "01.PoolDay", "{8303D139-3EA4-4F8F-8F29-487966D30ABF}"
EndProject
Project("{FAE04EC0-301F-11D3-BF4B-00C04F79EFBC}") = "01.PoolDay", "01.PoolDay\01.PoolDay.csproj", "{84858251-6EEF-4033-82BE-877A2FB0252A}"
EndProject
Project("{2150E333-8FDC-42A3-9474-1A3956D46DE8}") = "02.FamilyTrip", "02.FamilyTrip", "{7A252C20-004E-4F69-AFD1-4E85DC5CF246}"
EndProject
Project("{FAE04EC0-301F-11D3-BF4B-00C04F79EFBC}") = "02.FamilyTrip", "02.FamilyTrip\02.FamilyTrip.csproj", "{85AEF58C-6185-4E83-A402-D57D75206D46}"
EndProject
Project("{2150E333-8FDC-42A3-9474-1A3956D46DE8}") = "03.CoffeeMachine", "03.CoffeeMachine", "{B1D8F16B-7D78-4E65-9514-66DA6CA4CC58}"
EndProject
Project("{FAE04EC0-301F-11D3-BF4B-00C04F79EFBC}") = "03.CoffeeMachine", "03.CoffeeMachine\03.CoffeeMachine.csproj", "{72F295B7-C875-4848-9668-CAF0424CAFE2}"
EndProject
Project("{2150E333-8FDC-42A3-9474-1A3956D46DE8}") = "03.TravelAgency", "03.TravelAgency", "{C65603A1-3569-4C4D-AF93-A933F7C4CA63}"
EndProject
Project("{FAE04EC0-301F-11D3-BF4B-00C04F79EFBC}") = "03.TravelAgency", "03.TravelAgency\03.TravelAgency.csproj", "{E6F4713E-9407-4449-98AD-C922CC36D827}"
EndProject
Project("{2150E333-8FDC-42A3-9474-1A3956D46DE8}") = "04.Club", "04.Club", "{F72A3771-27F2-4B52-AC67-F57E99359C5B}"
EndProject
Project("{FAE04EC0-301F-11D3-BF4B-00C04F79EFBC}") = "04.Club", "04.Club\04.Club.csproj", "{141D66C4-A490-442E-A387-D283D9283840}"
EndProject
Project("{2150E333-8FDC-42A3-9474-1A3956D46DE8}") = "04. Renovation", "04. Renovation", "{4D2EE9BB-6830-4E89-9C6E-A9DD08CDFEB6}"
EndProject
Project("{FAE04EC0-301F-11D3-BF4B-00C04F79EFBC}") = "04. Renovation", "04. Renovation\04. Renovation.csproj", "{93CE4AB7-3723-4586-B086-7AE9B7094474}"
EndProject
Project("{2150E333-8FDC-42A3-9474-1A3956D46DE8}") = "05.PCGameShop", "05.PCGameShop", "{DA1BE1AA-E5C7-43BF-ABC8-7462F5F30424}"
EndProject
Project("{FAE04EC0-301F-11D3-BF4B-00C04F79EFBC}") = "05.PCGameShop", "05.PCGameShop\05.PCGameShop.csproj", "{B57D92ED-0910-4C57-A024-36992376415D}"
EndProject
Project("{2150E333-8FDC-42A3-9474-1A3956D46DE8}") = "05.FootballTournament", "05.FootballTournament", "{037554CA-7B1E-4BE2-BE17-500358E23447}"
EndProject
Project("{FAE04EC0-301F-11D3-BF4B-00C04F79EFBC}") = "05.FootballTournament", "05.FootballTournament\05.FootballTournament.csproj", "{492A93D5-C360-4578-AF24-12BC3DFAF173}"
EndProject
Project("{2150E333-8FDC-42A3-9474-1A3956D46DE8}") = "06.NameGame", "06.NameGame", "{48AA240B-EFD4-4225-A1AF-2F6FC0DA9FFF}"
EndProject
Project("{FAE04EC0-301F-11D3-BF4B-00C04F79EFBC}") = "06.NameGame", "06.NameGame\06.NameGame.csproj", "{DC52FE9A-6649-4FA6-9A33-0761471245DA}"
EndProject
Project("{2150E333-8FDC-42A3-9474-1A3956D46DE8}") = "06.TheMostPowerfulWord", "06.TheMostPowerfulWord", "{C88A2150-0B56-4BAA-88A4-498CF13B89E8}"
EndProject
Project("{FAE04EC0-301F-11D3-BF4B-00C04F79EFBC}") = "06.TheMostPowerfulWord", "06.TheMostPowerfulWord\06.TheMostPowerfulWord.csproj", "{47EE76CE-19BD-4BAF-B623-853936B69F4F}"
EndProject
Global
	GlobalSection(SolutionConfigurationPlatforms) = preSolution
		Debug|Any CPU = Debug|Any CPU
		Release|Any CPU = Release|Any CPU
	EndGlobalSection
	GlobalSection(ProjectConfigurationPlatforms) = postSolution
		{84858251-6EEF-4033-82BE-877A2FB0252A}.Debug|Any CPU.ActiveCfg = Debug|Any CPU
		{84858251-6EEF-4033-82BE-877A2FB0252A}.Debug|Any CPU.Build.0 = Debug|Any CPU
		{84858251-6EEF-4033-82BE-877A2FB0252A}.Release|Any CPU.ActiveCfg = Release|Any CPU
		{84858251-6EEF-4033-82BE-877A2FB0252A}.Release|Any CPU.Build.0 = Release|Any CPU
		{85AEF58C-6185-4E83-A402-D57D75206D46}.Debug|Any CPU.ActiveCfg = Debug|Any CPU
		{85AEF58C-6185-4E83-A402-D57D75206D46}.Debug|Any CPU.Build.0 = Debug|Any CPU
		{85AEF58C-6185-4E83-A402-D57D75206D46}.Release|Any CPU.ActiveCfg = Release|Any CPU
		{85AEF58C-6185-4E83-A402-D57D75206D46}.Release|Any CPU.Build.0 = Release|Any CPU
		{72F295B7-C875-4848-9668-CAF0424CAFE2}.Debug|Any CPU.ActiveCfg = Debug|Any CPU
		{72F295B7-C875-4848-9668-CAF0424CAFE2}.Debug|Any CPU.Build.0 = Debug|Any CPU
		{72F295B7-C875-4848-9668-CAF0424CAFE2}.Release|Any CPU.ActiveCfg = Release|Any CPU
		{72F295B7-C875-4848-9668-CAF0424CAFE2}.Release|Any CPU.Build.0 = Release|Any CPU
		{E6F4713E-9407-4449-98AD-C922CC36D827}.Debug|Any CPU.ActiveCfg = Debug|Any CPU
		{E6F4713E-9407-4449-98AD-C922CC36D827}.Debug|Any CPU.Build.0 = Debug|Any CPU
		{E6F4713E-9407-4449-98AD-C922CC36D827}.Release|Any CPU.ActiveCfg = Release|Any CPU
		{E6F4713E-9407-4449-98AD-C922CC36D827}.Release|Any CPU.Build.0 = Release|Any CPU
		{141D66C4-A490-442E-A387-D283D9283840}.Debug|Any CPU.ActiveCfg = Debug|Any CPU
		{141D66C4-A490-442E-A387-D283D9283840}.Debug|Any CPU.Build.0 = Debug|Any CPU
		{141D66C4-A490-442E-A387-D283D9283840}.Release|Any CPU.ActiveCfg = Release|Any CPU
		{141D66C4-A490-442E-A387-D283D9283840}.Release|Any CPU.Build.0 = Release|Any CPU
		{93CE4AB7-3723-4586-B086-7AE9B7094474}.Debug|Any CPU.ActiveCfg = Debug|Any CPU
		{93CE4AB7-3723-4586-B086-7AE9B7094474}.Debug|Any CPU.Build.0 = Debug|Any CPU
		{93CE4AB7-3723-4586-B086-7AE9B7094474}.Release|Any CPU.ActiveCfg = Release|Any CPU
		{93CE4AB7-3723-4586-B086-7AE9B7094474}.Release|Any CPU.Build.0 = Release|Any CPU
		{B57D92ED-0910-4C57-A024-36992376415D}.Debug|Any CPU.ActiveCfg = Debug|Any CPU
		{B57D92ED-0910-4C57-A024-36992376415D}.Debug|Any CPU.Build.0 = Debug|Any CPU
		{B57D92ED-0910-4C57-A024-36992376415D}.Release|Any CPU.ActiveCfg = Release|Any CPU
		{B57D92ED-0910-4C57-A024-36992376415D}.Release|Any CPU.Build.0 = Release|Any CPU
		{492A93D5-C360-4578-AF24-12BC3DFAF173}.Debug|Any CPU.ActiveCfg = Debug|Any CPU
		{492A93D5-C360-4578-AF24-12BC3DFAF173}.Debug|Any CPU.Build.0 = Debug|Any CPU
		{492A93D5-C360-4578-AF24-12BC3DFAF173}.Release|Any CPU.ActiveCfg = Release|Any CPU
		{492A93D5-C360-4578-AF24-12BC3DFAF173}.Release|Any CPU.Build.0 = Release|Any CPU
		{DC52FE9A-6649-4FA6-9A33-0761471245DA}.Debug|Any CPU.ActiveCfg = Debug|Any CPU
		{DC52FE9A-6649-4FA6-9A33-0761471245DA}.Debug|Any CPU.Build.0 = Debug|Any CPU
		{DC52FE9A-6649-4FA6-9A33-0761471245DA}.Release|Any CPU.ActiveCfg = Release|Any CPU
		{DC52FE9A-6649-4FA6-9A33-0761471245DA}.Release|Any CPU.Build.0 = Release|Any CPU
		{47EE76CE-19BD-4BAF-B623-853936B69F4F}.Debug|Any CPU.ActiveCfg = Debug|Any CPU
		{47EE76CE-19BD-4BAF-B623-853936B69F4F}.Debug|Any CPU.Build.0 = Debug|Any CPU
		{47EE76CE-19BD-4BAF-B623-853936B69F4F}.Release|Any CPU.ActiveCfg = Release|Any CPU
		{47EE76CE-19BD-4BAF-B623-853936B69F4F}.Release|Any CPU.Build.0 = Release|Any CPU
	EndGlobalSection
	GlobalSection(SolutionProperties) = preSolution
		HideSolutionNode = FALSE
	EndGlobalSection
	GlobalSection(NestedProjects) = preSolution
		{84858251-6EEF-4033-82BE-877A2FB0252A} = {8303D139-3EA4-4F8F-8F29-487966D30ABF}
		{85AEF58C-6185-4E83-A402-D57D75206D46} = {7A252C20-004E-4F69-AFD1-4E85DC5CF246}
		{72F295B7-C875-4848-9668-CAF0424CAFE2} = {B1D8F16B-7D78-4E65-9514-66DA6CA4CC58}
		{E6F4713E-9407-4449-98AD-C922CC36D827} = {C65603A1-3569-4C4D-AF93-A933F7C4CA63}
		{141D66C4-A490-442E-A387-D283D9283840} = {F72A3771-27F2-4B52-AC67-F57E99359C5B}
		{93CE4AB7-3723-4586-B086-7AE9B7094474} = {4D2EE9BB-6830-4E89-9C6E-A9DD08CDFEB6}
		{B57D92ED-0910-4C57-A024-36992376415D} = {DA1BE1AA-E5C7-43BF-ABC8-7462F5F30424}
		{492A93D5-C360-4578-AF24-12BC3DFAF173} = {037554CA-7B1E-4BE2-BE17-500358E23447}
		{DC52FE9A-6649-4FA6-9A33-0761471245DA} = {48AA240B-EFD4-4225-A1AF-2F6FC0DA9FFF}
		{47EE76CE-19BD-4BAF-B623-853936B69F4F} = {C88A2150-0B56-4BAA-88A4-498CF13B89E8}
	EndGlobalSection
	GlobalSection(ExtensibilityGlobals) = postSolution
		SolutionGuid = {1C5AE1FF-38BE-439E-A710-FED0EF33EC53}
	EndGlobalSection
EndGlobal
