
Microsoft Visual Studio Solution File, Format Version 12.00
# Visual Studio Version 17
VisualStudioVersion = 17.4.33205.214
MinimumVisualStudioVersion = 10.0.40219.1
Project("{2150E333-8FDC-42A3-9474-1A3956D46DE8}") = "01.Cinema", "01.Cinema", "{949711B7-DF9F-4B35-B2F8-DA1611C66E04}"
EndProject
Project("{FAE04EC0-301F-11D3-BF4B-00C04F79EFBC}") = "01.Cinema", "01.Cinema\01.Cinema.csproj", "{024DC35C-C35E-4F6D-8277-846CBF807246}"
EndProject
Project("{2150E333-8FDC-42A3-9474-1A3956D46DE8}") = "02.SummerOutfit", "02.SummerOutfit", "{752E0215-6429-4EAE-9322-C2D5166990D2}"
EndProject
Project("{FAE04EC0-301F-11D3-BF4B-00C04F79EFBC}") = "02.SummerOutfit", "02.SummerOutfit\02.SummerOutfit.csproj", "{657951D6-9701-4863-A29F-34DE7B016237}"
EndProject
Project("{2150E333-8FDC-42A3-9474-1A3956D46DE8}") = "03.NewHouse", "03.NewHouse", "{582791D0-7ADD-4DAA-8FD6-6E677410B59A}"
EndProject
Project("{FAE04EC0-301F-11D3-BF4B-00C04F79EFBC}") = "03.NewHouse", "03.NewHouse\03.NewHouse.csproj", "{BE1EE901-1077-40C5-B6E1-2CED4407EB31}"
EndProject
Project("{2150E333-8FDC-42A3-9474-1A3956D46DE8}") = "04.FishingBoat", "04.FishingBoat", "{7D1897DD-1B7C-4070-8D40-10130DC204A4}"
EndProject
Project("{FAE04EC0-301F-11D3-BF4B-00C04F79EFBC}") = "04.FishingBoat", "04.FishingBoat\04.FishingBoat.csproj", "{28F893DE-C5D7-4704-90CA-26599D8C69FD}"
EndProject
Project("{2150E333-8FDC-42A3-9474-1A3956D46DE8}") = "05.Journey", "05.Journey", "{511F1FF0-C96F-487B-AD2D-FC31EE60B56B}"
EndProject
Project("{FAE04EC0-301F-11D3-BF4B-00C04F79EFBC}") = "05.Journey", "05.Journey\05.Journey.csproj", "{FDBF8C5F-8E1E-4050-99F0-95A92319EC6F}"
EndProject
Project("{2150E333-8FDC-42A3-9474-1A3956D46DE8}") = "06.OperationsBetweenNumbers", "06.OperationsBetweenNumbers", "{3D09D154-1B03-4066-9EC0-3CA16F877D3F}"
EndProject
Project("{FAE04EC0-301F-11D3-BF4B-00C04F79EFBC}") = "06.OperationsBetweenNumbers", "06.OperationsBetweenNumbers\06.OperationsBetweenNumbers.csproj", "{5514E5AC-8BEB-4D05-B864-895CA835356E}"
EndProject
Project("{2150E333-8FDC-42A3-9474-1A3956D46DE8}") = "07.HotelRoom", "07.HotelRoom", "{CD5981D2-35F3-48FB-BA9D-44563A447DF1}"
EndProject
Project("{FAE04EC0-301F-11D3-BF4B-00C04F79EFBC}") = "07.HotelRoom", "07.HotelRoom\07.HotelRoom.csproj", "{37120DD8-D314-446C-8587-E1B01C75A329}"
EndProject
Project("{2150E333-8FDC-42A3-9474-1A3956D46DE8}") = "08.OnTimeForTheExam", "08.OnTimeForTheExam", "{6AED237E-9FD8-4AF3-9647-911FE8DE1B56}"
EndProject
Project("{FAE04EC0-301F-11D3-BF4B-00C04F79EFBC}") = "08.OnTimeForTheExam", "08.OnTimeForTheExam\08.OnTimeForTheExam.csproj", "{362392AF-D841-4036-A911-3FF61EA98348}"
EndProject
Project("{2150E333-8FDC-42A3-9474-1A3956D46DE8}") = "09.SkiTrip", "09.SkiTrip", "{352B42A8-6B70-49F3-8331-D7A36E5B853F}"
EndProject
Project("{FAE04EC0-301F-11D3-BF4B-00C04F79EFBC}") = "09.SkiTrip", "09.SkiTrip\09.SkiTrip.csproj", "{E5CE3795-E377-4D87-9600-0DD9673A39F4}"
EndProject
Global
	GlobalSection(SolutionConfigurationPlatforms) = preSolution
		Debug|Any CPU = Debug|Any CPU
		Release|Any CPU = Release|Any CPU
	EndGlobalSection
	GlobalSection(ProjectConfigurationPlatforms) = postSolution
		{024DC35C-C35E-4F6D-8277-846CBF807246}.Debug|Any CPU.ActiveCfg = Debug|Any CPU
		{024DC35C-C35E-4F6D-8277-846CBF807246}.Debug|Any CPU.Build.0 = Debug|Any CPU
		{024DC35C-C35E-4F6D-8277-846CBF807246}.Release|Any CPU.ActiveCfg = Release|Any CPU
		{024DC35C-C35E-4F6D-8277-846CBF807246}.Release|Any CPU.Build.0 = Release|Any CPU
		{657951D6-9701-4863-A29F-34DE7B016237}.Debug|Any CPU.ActiveCfg = Debug|Any CPU
		{657951D6-9701-4863-A29F-34DE7B016237}.Debug|Any CPU.Build.0 = Debug|Any CPU
		{657951D6-9701-4863-A29F-34DE7B016237}.Release|Any CPU.ActiveCfg = Release|Any CPU
		{657951D6-9701-4863-A29F-34DE7B016237}.Release|Any CPU.Build.0 = Release|Any CPU
		{BE1EE901-1077-40C5-B6E1-2CED4407EB31}.Debug|Any CPU.ActiveCfg = Debug|Any CPU
		{BE1EE901-1077-40C5-B6E1-2CED4407EB31}.Debug|Any CPU.Build.0 = Debug|Any CPU
		{BE1EE901-1077-40C5-B6E1-2CED4407EB31}.Release|Any CPU.ActiveCfg = Release|Any CPU
		{BE1EE901-1077-40C5-B6E1-2CED4407EB31}.Release|Any CPU.Build.0 = Release|Any CPU
		{28F893DE-C5D7-4704-90CA-26599D8C69FD}.Debug|Any CPU.ActiveCfg = Debug|Any CPU
		{28F893DE-C5D7-4704-90CA-26599D8C69FD}.Debug|Any CPU.Build.0 = Debug|Any CPU
		{28F893DE-C5D7-4704-90CA-26599D8C69FD}.Release|Any CPU.ActiveCfg = Release|Any CPU
		{28F893DE-C5D7-4704-90CA-26599D8C69FD}.Release|Any CPU.Build.0 = Release|Any CPU
		{FDBF8C5F-8E1E-4050-99F0-95A92319EC6F}.Debug|Any CPU.ActiveCfg = Debug|Any CPU
		{FDBF8C5F-8E1E-4050-99F0-95A92319EC6F}.Debug|Any CPU.Build.0 = Debug|Any CPU
		{FDBF8C5F-8E1E-4050-99F0-95A92319EC6F}.Release|Any CPU.ActiveCfg = Release|Any CPU
		{FDBF8C5F-8E1E-4050-99F0-95A92319EC6F}.Release|Any CPU.Build.0 = Release|Any CPU
		{5514E5AC-8BEB-4D05-B864-895CA835356E}.Debug|Any CPU.ActiveCfg = Debug|Any CPU
		{5514E5AC-8BEB-4D05-B864-895CA835356E}.Debug|Any CPU.Build.0 = Debug|Any CPU
		{5514E5AC-8BEB-4D05-B864-895CA835356E}.Release|Any CPU.ActiveCfg = Release|Any CPU
		{5514E5AC-8BEB-4D05-B864-895CA835356E}.Release|Any CPU.Build.0 = Release|Any CPU
		{37120DD8-D314-446C-8587-E1B01C75A329}.Debug|Any CPU.ActiveCfg = Debug|Any CPU
		{37120DD8-D314-446C-8587-E1B01C75A329}.Debug|Any CPU.Build.0 = Debug|Any CPU
		{37120DD8-D314-446C-8587-E1B01C75A329}.Release|Any CPU.ActiveCfg = Release|Any CPU
		{37120DD8-D314-446C-8587-E1B01C75A329}.Release|Any CPU.Build.0 = Release|Any CPU
		{362392AF-D841-4036-A911-3FF61EA98348}.Debug|Any CPU.ActiveCfg = Debug|Any CPU
		{362392AF-D841-4036-A911-3FF61EA98348}.Debug|Any CPU.Build.0 = Debug|Any CPU
		{362392AF-D841-4036-A911-3FF61EA98348}.Release|Any CPU.ActiveCfg = Release|Any CPU
		{362392AF-D841-4036-A911-3FF61EA98348}.Release|Any CPU.Build.0 = Release|Any CPU
		{E5CE3795-E377-4D87-9600-0DD9673A39F4}.Debug|Any CPU.ActiveCfg = Debug|Any CPU
		{E5CE3795-E377-4D87-9600-0DD9673A39F4}.Debug|Any CPU.Build.0 = Debug|Any CPU
		{E5CE3795-E377-4D87-9600-0DD9673A39F4}.Release|Any CPU.ActiveCfg = Release|Any CPU
		{E5CE3795-E377-4D87-9600-0DD9673A39F4}.Release|Any CPU.Build.0 = Release|Any CPU
	EndGlobalSection
	GlobalSection(SolutionProperties) = preSolution
		HideSolutionNode = FALSE
	EndGlobalSection
	GlobalSection(NestedProjects) = preSolution
		{024DC35C-C35E-4F6D-8277-846CBF807246} = {949711B7-DF9F-4B35-B2F8-DA1611C66E04}
		{657951D6-9701-4863-A29F-34DE7B016237} = {752E0215-6429-4EAE-9322-C2D5166990D2}
		{BE1EE901-1077-40C5-B6E1-2CED4407EB31} = {582791D0-7ADD-4DAA-8FD6-6E677410B59A}
		{28F893DE-C5D7-4704-90CA-26599D8C69FD} = {7D1897DD-1B7C-4070-8D40-10130DC204A4}
		{FDBF8C5F-8E1E-4050-99F0-95A92319EC6F} = {511F1FF0-C96F-487B-AD2D-FC31EE60B56B}
		{5514E5AC-8BEB-4D05-B864-895CA835356E} = {3D09D154-1B03-4066-9EC0-3CA16F877D3F}
		{37120DD8-D314-446C-8587-E1B01C75A329} = {CD5981D2-35F3-48FB-BA9D-44563A447DF1}
		{362392AF-D841-4036-A911-3FF61EA98348} = {6AED237E-9FD8-4AF3-9647-911FE8DE1B56}
		{E5CE3795-E377-4D87-9600-0DD9673A39F4} = {352B42A8-6B70-49F3-8331-D7A36E5B853F}
	EndGlobalSection
	GlobalSection(ExtensibilityGlobals) = postSolution
		SolutionGuid = {40F5A13C-2A71-47F2-A395-E4A07EF70E14}
	EndGlobalSection
EndGlobal
