
Microsoft Visual Studio Solution File, Format Version 12.00
# Visual Studio Version 17
VisualStudioVersion = 17.4.33205.214
MinimumVisualStudioVersion = 10.0.40219.1
Project("{2150E333-8FDC-42A3-9474-1A3956D46DE8}") = "01.DayOfWeek", "01.DayOfWeek", "{5C6AB8B4-C2B7-4DED-A850-9539D3863069}"
EndProject
Project("{FAE04EC0-301F-11D3-BF4B-00C04F79EFBC}") = "01.DayOfWeek", "01.DayOfWeek\01.DayOfWeek.csproj", "{AE181227-BDD0-4E94-B900-F76DB8A5D43B}"
EndProject
Project("{2150E333-8FDC-42A3-9474-1A3956D46DE8}") = "02.WeekendOrWorkingDay", "02.WeekendOrWorkingDay", "{A63E8E88-09F5-497B-90DC-83C44B2BA6FB}"
EndProject
Project("{FAE04EC0-301F-11D3-BF4B-00C04F79EFBC}") = "02.WeekendOrWorkingDay", "02.WeekendOrWorkingDay\02.WeekendOrWorkingDay.csproj", "{538700E8-5584-4B7B-BCD5-665C1BCED9AB}"
EndProject
Project("{2150E333-8FDC-42A3-9474-1A3956D46DE8}") = "03.AnimalType", "03.AnimalType", "{A9838162-D383-4BDF-8B71-6709CB9D934A}"
EndProject
Project("{FAE04EC0-301F-11D3-BF4B-00C04F79EFBC}") = "03. AnimalType", "03. AnimalType\03. AnimalType.csproj", "{E03AF944-375C-495A-A6FD-0A9866BECDC4}"
EndProject
Project("{2150E333-8FDC-42A3-9474-1A3956D46DE8}") = "04.PersonalTitles", "04.PersonalTitles", "{90B5869D-FAF5-4119-AE5E-C587A1BF36A1}"
EndProject
Project("{FAE04EC0-301F-11D3-BF4B-00C04F79EFBC}") = "04.PersonalTitles", "04.PersonalTitles\04.PersonalTitles.csproj", "{9E65B968-50C1-4309-9C3B-B220647BA0BF}"
EndProject
Project("{2150E333-8FDC-42A3-9474-1A3956D46DE8}") = "05.SmallShop", "05.SmallShop", "{494CFB8E-63EE-417A-B8DE-6992B0274333}"
EndProject
Project("{FAE04EC0-301F-11D3-BF4B-00C04F79EFBC}") = "05.SmallShop", "05.SmallShop\05.SmallShop.csproj", "{8FCD4D8C-3DDD-424A-8FB5-026FB05DED43}"
EndProject
Project("{2150E333-8FDC-42A3-9474-1A3956D46DE8}") = "06.NumberInRange", "06.NumberInRange", "{56002932-71D2-4EEA-9C3D-9D453825FE88}"
EndProject
Project("{FAE04EC0-301F-11D3-BF4B-00C04F79EFBC}") = "06.NumberInRange", "06.NumberInRange\06.NumberInRange.csproj", "{4556E6E1-F0EA-400E-B14E-C7FE005082C0}"
EndProject
Project("{2150E333-8FDC-42A3-9474-1A3956D46DE8}") = "07.WorkingHours", "07.WorkingHours", "{1AE4C03D-C8A0-4D09-9AF3-98EA8CAB8C99}"
EndProject
Project("{FAE04EC0-301F-11D3-BF4B-00C04F79EFBC}") = "07.WorkingHours", "07.WorkingHours\07.WorkingHours.csproj", "{DCC94D70-2481-49AC-81CD-F9E3E12AAC92}"
EndProject
Project("{2150E333-8FDC-42A3-9474-1A3956D46DE8}") = "08.CinemaTicket", "08.CinemaTicket", "{9FBFA5B8-DBBC-46C9-98C7-FD43E403496F}"
EndProject
Project("{FAE04EC0-301F-11D3-BF4B-00C04F79EFBC}") = "08.CinemaTicket", "08.CinemaTicket\08.CinemaTicket.csproj", "{22E1ABF0-D3F4-472A-BB26-FC0D5897617B}"
EndProject
Project("{2150E333-8FDC-42A3-9474-1A3956D46DE8}") = "09.FruitOrVegetable", "09.FruitOrVegetable", "{3CEA2778-54E6-4F0F-B096-0DF18ED18540}"
EndProject
Project("{FAE04EC0-301F-11D3-BF4B-00C04F79EFBC}") = "09.FruitOrVegetable", "09.FruitOrVegetable\09.FruitOrVegetable.csproj", "{C341F65E-1104-4DD7-8193-434F21DE5C52}"
EndProject
Project("{2150E333-8FDC-42A3-9474-1A3956D46DE8}") = "10.InvalidNumber", "10.InvalidNumber", "{9514F207-58B7-4B05-8BDE-A39C4A0B8CC2}"
EndProject
Project("{FAE04EC0-301F-11D3-BF4B-00C04F79EFBC}") = "10.InvalidNumber", "10.InvalidNumber\10.InvalidNumber.csproj", "{CF9B6924-A210-4592-BFFD-CB9A7BF68836}"
EndProject
Project("{2150E333-8FDC-42A3-9474-1A3956D46DE8}") = "11.FruitShop", "11.FruitShop", "{0DEF3CB3-A9C9-4BF8-8E9A-FECA87BBF98F}"
EndProject
Project("{FAE04EC0-301F-11D3-BF4B-00C04F79EFBC}") = "11.FruitShop", "11.FruitShop\11.FruitShop.csproj", "{BFC09A2D-4C75-48EF-9F44-2EB6DBB45428}"
EndProject
Project("{2150E333-8FDC-42A3-9474-1A3956D46DE8}") = "12.TradeCommissions", "12.TradeCommissions", "{C27EBE9C-4A48-4231-9D29-F5FCCF788AB7}"
EndProject
Project("{FAE04EC0-301F-11D3-BF4B-00C04F79EFBC}") = "12.TradeCommissions", "12.TradeCommissions\12.TradeCommissions.csproj", "{1F4AAB7F-7DE1-4AD5-8341-0BE422A99BBD}"
EndProject
Global
	GlobalSection(SolutionConfigurationPlatforms) = preSolution
		Debug|Any CPU = Debug|Any CPU
		Release|Any CPU = Release|Any CPU
	EndGlobalSection
	GlobalSection(ProjectConfigurationPlatforms) = postSolution
		{AE181227-BDD0-4E94-B900-F76DB8A5D43B}.Debug|Any CPU.ActiveCfg = Debug|Any CPU
		{AE181227-BDD0-4E94-B900-F76DB8A5D43B}.Debug|Any CPU.Build.0 = Debug|Any CPU
		{AE181227-BDD0-4E94-B900-F76DB8A5D43B}.Release|Any CPU.ActiveCfg = Release|Any CPU
		{AE181227-BDD0-4E94-B900-F76DB8A5D43B}.Release|Any CPU.Build.0 = Release|Any CPU
		{538700E8-5584-4B7B-BCD5-665C1BCED9AB}.Debug|Any CPU.ActiveCfg = Debug|Any CPU
		{538700E8-5584-4B7B-BCD5-665C1BCED9AB}.Debug|Any CPU.Build.0 = Debug|Any CPU
		{538700E8-5584-4B7B-BCD5-665C1BCED9AB}.Release|Any CPU.ActiveCfg = Release|Any CPU
		{538700E8-5584-4B7B-BCD5-665C1BCED9AB}.Release|Any CPU.Build.0 = Release|Any CPU
		{E03AF944-375C-495A-A6FD-0A9866BECDC4}.Debug|Any CPU.ActiveCfg = Debug|Any CPU
		{E03AF944-375C-495A-A6FD-0A9866BECDC4}.Debug|Any CPU.Build.0 = Debug|Any CPU
		{E03AF944-375C-495A-A6FD-0A9866BECDC4}.Release|Any CPU.ActiveCfg = Release|Any CPU
		{E03AF944-375C-495A-A6FD-0A9866BECDC4}.Release|Any CPU.Build.0 = Release|Any CPU
		{9E65B968-50C1-4309-9C3B-B220647BA0BF}.Debug|Any CPU.ActiveCfg = Debug|Any CPU
		{9E65B968-50C1-4309-9C3B-B220647BA0BF}.Debug|Any CPU.Build.0 = Debug|Any CPU
		{9E65B968-50C1-4309-9C3B-B220647BA0BF}.Release|Any CPU.ActiveCfg = Release|Any CPU
		{9E65B968-50C1-4309-9C3B-B220647BA0BF}.Release|Any CPU.Build.0 = Release|Any CPU
		{8FCD4D8C-3DDD-424A-8FB5-026FB05DED43}.Debug|Any CPU.ActiveCfg = Debug|Any CPU
		{8FCD4D8C-3DDD-424A-8FB5-026FB05DED43}.Debug|Any CPU.Build.0 = Debug|Any CPU
		{8FCD4D8C-3DDD-424A-8FB5-026FB05DED43}.Release|Any CPU.ActiveCfg = Release|Any CPU
		{8FCD4D8C-3DDD-424A-8FB5-026FB05DED43}.Release|Any CPU.Build.0 = Release|Any CPU
		{4556E6E1-F0EA-400E-B14E-C7FE005082C0}.Debug|Any CPU.ActiveCfg = Debug|Any CPU
		{4556E6E1-F0EA-400E-B14E-C7FE005082C0}.Debug|Any CPU.Build.0 = Debug|Any CPU
		{4556E6E1-F0EA-400E-B14E-C7FE005082C0}.Release|Any CPU.ActiveCfg = Release|Any CPU
		{4556E6E1-F0EA-400E-B14E-C7FE005082C0}.Release|Any CPU.Build.0 = Release|Any CPU
		{DCC94D70-2481-49AC-81CD-F9E3E12AAC92}.Debug|Any CPU.ActiveCfg = Debug|Any CPU
		{DCC94D70-2481-49AC-81CD-F9E3E12AAC92}.Debug|Any CPU.Build.0 = Debug|Any CPU
		{DCC94D70-2481-49AC-81CD-F9E3E12AAC92}.Release|Any CPU.ActiveCfg = Release|Any CPU
		{DCC94D70-2481-49AC-81CD-F9E3E12AAC92}.Release|Any CPU.Build.0 = Release|Any CPU
		{22E1ABF0-D3F4-472A-BB26-FC0D5897617B}.Debug|Any CPU.ActiveCfg = Debug|Any CPU
		{22E1ABF0-D3F4-472A-BB26-FC0D5897617B}.Debug|Any CPU.Build.0 = Debug|Any CPU
		{22E1ABF0-D3F4-472A-BB26-FC0D5897617B}.Release|Any CPU.ActiveCfg = Release|Any CPU
		{22E1ABF0-D3F4-472A-BB26-FC0D5897617B}.Release|Any CPU.Build.0 = Release|Any CPU
		{C341F65E-1104-4DD7-8193-434F21DE5C52}.Debug|Any CPU.ActiveCfg = Debug|Any CPU
		{C341F65E-1104-4DD7-8193-434F21DE5C52}.Debug|Any CPU.Build.0 = Debug|Any CPU
		{C341F65E-1104-4DD7-8193-434F21DE5C52}.Release|Any CPU.ActiveCfg = Release|Any CPU
		{C341F65E-1104-4DD7-8193-434F21DE5C52}.Release|Any CPU.Build.0 = Release|Any CPU
		{CF9B6924-A210-4592-BFFD-CB9A7BF68836}.Debug|Any CPU.ActiveCfg = Debug|Any CPU
		{CF9B6924-A210-4592-BFFD-CB9A7BF68836}.Debug|Any CPU.Build.0 = Debug|Any CPU
		{CF9B6924-A210-4592-BFFD-CB9A7BF68836}.Release|Any CPU.ActiveCfg = Release|Any CPU
		{CF9B6924-A210-4592-BFFD-CB9A7BF68836}.Release|Any CPU.Build.0 = Release|Any CPU
		{BFC09A2D-4C75-48EF-9F44-2EB6DBB45428}.Debug|Any CPU.ActiveCfg = Debug|Any CPU
		{BFC09A2D-4C75-48EF-9F44-2EB6DBB45428}.Debug|Any CPU.Build.0 = Debug|Any CPU
		{BFC09A2D-4C75-48EF-9F44-2EB6DBB45428}.Release|Any CPU.ActiveCfg = Release|Any CPU
		{BFC09A2D-4C75-48EF-9F44-2EB6DBB45428}.Release|Any CPU.Build.0 = Release|Any CPU
		{1F4AAB7F-7DE1-4AD5-8341-0BE422A99BBD}.Debug|Any CPU.ActiveCfg = Debug|Any CPU
		{1F4AAB7F-7DE1-4AD5-8341-0BE422A99BBD}.Debug|Any CPU.Build.0 = Debug|Any CPU
		{1F4AAB7F-7DE1-4AD5-8341-0BE422A99BBD}.Release|Any CPU.ActiveCfg = Release|Any CPU
		{1F4AAB7F-7DE1-4AD5-8341-0BE422A99BBD}.Release|Any CPU.Build.0 = Release|Any CPU
	EndGlobalSection
	GlobalSection(SolutionProperties) = preSolution
		HideSolutionNode = FALSE
	EndGlobalSection
	GlobalSection(NestedProjects) = preSolution
		{AE181227-BDD0-4E94-B900-F76DB8A5D43B} = {5C6AB8B4-C2B7-4DED-A850-9539D3863069}
		{538700E8-5584-4B7B-BCD5-665C1BCED9AB} = {A63E8E88-09F5-497B-90DC-83C44B2BA6FB}
		{E03AF944-375C-495A-A6FD-0A9866BECDC4} = {A9838162-D383-4BDF-8B71-6709CB9D934A}
		{9E65B968-50C1-4309-9C3B-B220647BA0BF} = {90B5869D-FAF5-4119-AE5E-C587A1BF36A1}
		{8FCD4D8C-3DDD-424A-8FB5-026FB05DED43} = {494CFB8E-63EE-417A-B8DE-6992B0274333}
		{4556E6E1-F0EA-400E-B14E-C7FE005082C0} = {56002932-71D2-4EEA-9C3D-9D453825FE88}
		{DCC94D70-2481-49AC-81CD-F9E3E12AAC92} = {1AE4C03D-C8A0-4D09-9AF3-98EA8CAB8C99}
		{22E1ABF0-D3F4-472A-BB26-FC0D5897617B} = {9FBFA5B8-DBBC-46C9-98C7-FD43E403496F}
		{C341F65E-1104-4DD7-8193-434F21DE5C52} = {3CEA2778-54E6-4F0F-B096-0DF18ED18540}
		{CF9B6924-A210-4592-BFFD-CB9A7BF68836} = {9514F207-58B7-4B05-8BDE-A39C4A0B8CC2}
		{BFC09A2D-4C75-48EF-9F44-2EB6DBB45428} = {0DEF3CB3-A9C9-4BF8-8E9A-FECA87BBF98F}
		{1F4AAB7F-7DE1-4AD5-8341-0BE422A99BBD} = {C27EBE9C-4A48-4231-9D29-F5FCCF788AB7}
	EndGlobalSection
	GlobalSection(ExtensibilityGlobals) = postSolution
		SolutionGuid = {D8E157E9-57AB-4AC9-9906-E9FC173BB1F7}
	EndGlobalSection
EndGlobal
