
Microsoft Visual Studio Solution File, Format Version 12.00
# Visual Studio Version 17
VisualStudioVersion = 17.4.33205.214
MinimumVisualStudioVersion = 10.0.40219.1
Project("{2150E333-8FDC-42A3-9474-1A3956D46DE8}") = "01.HelloSoftuni", "01.HelloSoftuni", "{3ACCE573-D2E8-4BAC-B911-BDB531574E74}"
EndProject
Project("{FAE04EC0-301F-11D3-BF4B-00C04F79EFBC}") = "01.HelloSoftUni", "01.HelloSoftUni\01.HelloSoftUni.csproj", "{622D7DEF-BABD-4288-A785-0A61D505F72D}"
EndProject
Project("{2150E333-8FDC-42A3-9474-1A3956D46DE8}") = "03.RectangleArea", "03.RectangleArea", "{B287BA9F-10E1-4CB8-B8B3-1593A2158B5A}"
EndProject
Project("{FAE04EC0-301F-11D3-BF4B-00C04F79EFBC}") = "03.RectangleArea", "03.RectangleArea\03.RectangleArea.csproj", "{44468AEB-484A-4C12-B386-22A84E4B544B}"
EndProject
Project("{2150E333-8FDC-42A3-9474-1A3956D46DE8}") = "04.InchesToCentimeters", "04.InchesToCentimeters", "{02F49079-078F-43D5-93D2-A7220401294F}"
EndProject
Project("{FAE04EC0-301F-11D3-BF4B-00C04F79EFBC}") = "04.InchesToCentimeters", "04.InchesToCentimeters\04.InchesToCentimeters.csproj", "{C382897E-4FAB-47F2-B2C1-8CB44C107C80}"
EndProject
Project("{2150E333-8FDC-42A3-9474-1A3956D46DE8}") = "02.NumsOneToTen", "02.NumsOneToTen", "{80CE4A50-35F2-4F79-9F4D-2B8AC25707BE}"
EndProject
Project("{FAE04EC0-301F-11D3-BF4B-00C04F79EFBC}") = "02.NumsOneToTen", "02.NumsOneToTen\02.NumsOneToTen.csproj", "{6306D67D-620F-46C1-92F7-D38631B0DB05}"
EndProject
Project("{2150E333-8FDC-42A3-9474-1A3956D46DE8}") = "05.GreetingByName", "05.GreetingByName", "{3B871790-5FDA-432F-B645-9961F23233DF}"
EndProject
Project("{FAE04EC0-301F-11D3-BF4B-00C04F79EFBC}") = "05.GreetingByName", "05.GreetingByName\05.GreetingByName.csproj", "{F839B58A-9781-4EBD-B707-E61E4EEEE305}"
EndProject
Project("{2150E333-8FDC-42A3-9474-1A3956D46DE8}") = "06.ConcatenateData", "06.ConcatenateData", "{F83CB597-31BB-46EA-B128-6E914F195600}"
EndProject
Project("{FAE04EC0-301F-11D3-BF4B-00C04F79EFBC}") = "06.ConcatenateData", "06.ConcatenateData\06.ConcatenateData.csproj", "{55771D82-48EF-4314-B847-B63E18EF4267}"
EndProject
Project("{2150E333-8FDC-42A3-9474-1A3956D46DE8}") = "07.ProjectsCreation", "07.ProjectsCreation", "{2BE4B5EF-6BCE-4CF6-91B0-9CC3D12803F2}"
EndProject
Project("{FAE04EC0-301F-11D3-BF4B-00C04F79EFBC}") = "07.ProjectsCreation", "07.ProjectsCreation\07.ProjectsCreation.csproj", "{50DE0B38-730D-4B63-A438-BC826187200D}"
EndProject
Project("{2150E333-8FDC-42A3-9474-1A3956D46DE8}") = "08.PetShop", "08.PetShop", "{E581F4C8-3170-4567-993D-1515C032082B}"
EndProject
Project("{FAE04EC0-301F-11D3-BF4B-00C04F79EFBC}") = "08.PetShop", "08.PetShop\08.PetShop.csproj", "{FE68093A-C8D6-48F9-BB77-BD1E00708F59}"
EndProject
Project("{2150E333-8FDC-42A3-9474-1A3956D46DE8}") = "09.YardGreening", "09.YardGreening", "{36AF1E61-E4C3-4E3D-A692-A86A9EF8EB50}"
EndProject
Project("{FAE04EC0-301F-11D3-BF4B-00C04F79EFBC}") = "09.YardGreening", "09.YardGreening\09.YardGreening.csproj", "{AA8722B2-0A4A-4C57-ABAD-7651833B6CF3}"
EndProject
Global
	GlobalSection(SolutionConfigurationPlatforms) = preSolution
		Debug|Any CPU = Debug|Any CPU
		Release|Any CPU = Release|Any CPU
	EndGlobalSection
	GlobalSection(ProjectConfigurationPlatforms) = postSolution
		{622D7DEF-BABD-4288-A785-0A61D505F72D}.Debug|Any CPU.ActiveCfg = Debug|Any CPU
		{622D7DEF-BABD-4288-A785-0A61D505F72D}.Debug|Any CPU.Build.0 = Debug|Any CPU
		{622D7DEF-BABD-4288-A785-0A61D505F72D}.Release|Any CPU.ActiveCfg = Release|Any CPU
		{622D7DEF-BABD-4288-A785-0A61D505F72D}.Release|Any CPU.Build.0 = Release|Any CPU
		{44468AEB-484A-4C12-B386-22A84E4B544B}.Debug|Any CPU.ActiveCfg = Debug|Any CPU
		{44468AEB-484A-4C12-B386-22A84E4B544B}.Debug|Any CPU.Build.0 = Debug|Any CPU
		{44468AEB-484A-4C12-B386-22A84E4B544B}.Release|Any CPU.ActiveCfg = Release|Any CPU
		{44468AEB-484A-4C12-B386-22A84E4B544B}.Release|Any CPU.Build.0 = Release|Any CPU
		{C382897E-4FAB-47F2-B2C1-8CB44C107C80}.Debug|Any CPU.ActiveCfg = Debug|Any CPU
		{C382897E-4FAB-47F2-B2C1-8CB44C107C80}.Debug|Any CPU.Build.0 = Debug|Any CPU
		{C382897E-4FAB-47F2-B2C1-8CB44C107C80}.Release|Any CPU.ActiveCfg = Release|Any CPU
		{C382897E-4FAB-47F2-B2C1-8CB44C107C80}.Release|Any CPU.Build.0 = Release|Any CPU
		{6306D67D-620F-46C1-92F7-D38631B0DB05}.Debug|Any CPU.ActiveCfg = Debug|Any CPU
		{6306D67D-620F-46C1-92F7-D38631B0DB05}.Debug|Any CPU.Build.0 = Debug|Any CPU
		{6306D67D-620F-46C1-92F7-D38631B0DB05}.Release|Any CPU.ActiveCfg = Release|Any CPU
		{6306D67D-620F-46C1-92F7-D38631B0DB05}.Release|Any CPU.Build.0 = Release|Any CPU
		{F839B58A-9781-4EBD-B707-E61E4EEEE305}.Debug|Any CPU.ActiveCfg = Debug|Any CPU
		{F839B58A-9781-4EBD-B707-E61E4EEEE305}.Debug|Any CPU.Build.0 = Debug|Any CPU
		{F839B58A-9781-4EBD-B707-E61E4EEEE305}.Release|Any CPU.ActiveCfg = Release|Any CPU
		{F839B58A-9781-4EBD-B707-E61E4EEEE305}.Release|Any CPU.Build.0 = Release|Any CPU
		{55771D82-48EF-4314-B847-B63E18EF4267}.Debug|Any CPU.ActiveCfg = Debug|Any CPU
		{55771D82-48EF-4314-B847-B63E18EF4267}.Debug|Any CPU.Build.0 = Debug|Any CPU
		{55771D82-48EF-4314-B847-B63E18EF4267}.Release|Any CPU.ActiveCfg = Release|Any CPU
		{55771D82-48EF-4314-B847-B63E18EF4267}.Release|Any CPU.Build.0 = Release|Any CPU
		{50DE0B38-730D-4B63-A438-BC826187200D}.Debug|Any CPU.ActiveCfg = Debug|Any CPU
		{50DE0B38-730D-4B63-A438-BC826187200D}.Debug|Any CPU.Build.0 = Debug|Any CPU
		{50DE0B38-730D-4B63-A438-BC826187200D}.Release|Any CPU.ActiveCfg = Release|Any CPU
		{50DE0B38-730D-4B63-A438-BC826187200D}.Release|Any CPU.Build.0 = Release|Any CPU
		{FE68093A-C8D6-48F9-BB77-BD1E00708F59}.Debug|Any CPU.ActiveCfg = Debug|Any CPU
		{FE68093A-C8D6-48F9-BB77-BD1E00708F59}.Debug|Any CPU.Build.0 = Debug|Any CPU
		{FE68093A-C8D6-48F9-BB77-BD1E00708F59}.Release|Any CPU.ActiveCfg = Release|Any CPU
		{FE68093A-C8D6-48F9-BB77-BD1E00708F59}.Release|Any CPU.Build.0 = Release|Any CPU
		{AA8722B2-0A4A-4C57-ABAD-7651833B6CF3}.Debug|Any CPU.ActiveCfg = Debug|Any CPU
		{AA8722B2-0A4A-4C57-ABAD-7651833B6CF3}.Debug|Any CPU.Build.0 = Debug|Any CPU
		{AA8722B2-0A4A-4C57-ABAD-7651833B6CF3}.Release|Any CPU.ActiveCfg = Release|Any CPU
		{AA8722B2-0A4A-4C57-ABAD-7651833B6CF3}.Release|Any CPU.Build.0 = Release|Any CPU
	EndGlobalSection
	GlobalSection(SolutionProperties) = preSolution
		HideSolutionNode = FALSE
	EndGlobalSection
	GlobalSection(NestedProjects) = preSolution
		{622D7DEF-BABD-4288-A785-0A61D505F72D} = {3ACCE573-D2E8-4BAC-B911-BDB531574E74}
		{44468AEB-484A-4C12-B386-22A84E4B544B} = {B287BA9F-10E1-4CB8-B8B3-1593A2158B5A}
		{C382897E-4FAB-47F2-B2C1-8CB44C107C80} = {02F49079-078F-43D5-93D2-A7220401294F}
		{6306D67D-620F-46C1-92F7-D38631B0DB05} = {80CE4A50-35F2-4F79-9F4D-2B8AC25707BE}
		{F839B58A-9781-4EBD-B707-E61E4EEEE305} = {3B871790-5FDA-432F-B645-9961F23233DF}
		{55771D82-48EF-4314-B847-B63E18EF4267} = {F83CB597-31BB-46EA-B128-6E914F195600}
		{50DE0B38-730D-4B63-A438-BC826187200D} = {2BE4B5EF-6BCE-4CF6-91B0-9CC3D12803F2}
		{FE68093A-C8D6-48F9-BB77-BD1E00708F59} = {E581F4C8-3170-4567-993D-1515C032082B}
		{AA8722B2-0A4A-4C57-ABAD-7651833B6CF3} = {36AF1E61-E4C3-4E3D-A692-A86A9EF8EB50}
	EndGlobalSection
	GlobalSection(ExtensibilityGlobals) = postSolution
		SolutionGuid = {4632D290-BBAF-4F63-93E8-B765FF772E71}
	EndGlobalSection
EndGlobal
