
Microsoft Visual Studio Solution File, Format Version 12.00
# Visual Studio Version 17
VisualStudioVersion = 17.4.33205.214
MinimumVisualStudioVersion = 10.0.40219.1
Project("{2150E333-8FDC-42A3-9474-1A3956D46DE8}") = "01.USDToBGN", "01.USDToBGN", "{F0DD182E-B4D7-4700-B53F-D8EE26194DC2}"
EndProject
Project("{FAE04EC0-301F-11D3-BF4B-00C04F79EFBC}") = "01.USDToBGN", "01.USDToBGN\01.USDToBGN.csproj", "{6727C3C0-3EA0-432E-9898-DD8E15489A02}"
EndProject
Project("{2150E333-8FDC-42A3-9474-1A3956D46DE8}") = "02.RadiansToDegrees", "02.RadiansToDegrees", "{DFE30F0D-AEF2-450E-9D60-9040DF47C4FD}"
EndProject
Project("{FAE04EC0-301F-11D3-BF4B-00C04F79EFBC}") = "02.RadiansToDegrees", "02.RadiansToDegrees\02.RadiansToDegrees.csproj", "{BEF72544-EAD3-4D9D-B95F-5A7C5D8130D2}"
EndProject
Project("{2150E333-8FDC-42A3-9474-1A3956D46DE8}") = "03.DepositCalculator", "03.DepositCalculator", "{62FE5016-4BF1-4799-9EBF-312E27E2ACB4}"
EndProject
Project("{FAE04EC0-301F-11D3-BF4B-00C04F79EFBC}") = "03.DepositCalculator", "03.DepositCalculator\03.DepositCalculator.csproj", "{D261DF70-BBBC-49B7-AA33-9CE0743AAAFF}"
EndProject
Project("{2150E333-8FDC-42A3-9474-1A3956D46DE8}") = "04.VacationBooksList", "04.VacationBooksList", "{892B1B1B-329D-4231-93BE-48BA4707EB26}"
EndProject
Project("{FAE04EC0-301F-11D3-BF4B-00C04F79EFBC}") = "04.VacationBooksList", "04.VacationBooksList\04.VacationBooksList.csproj", "{E2DDC571-BD87-43F0-8A3B-1F127D3DF3A2}"
EndProject
Project("{2150E333-8FDC-42A3-9474-1A3956D46DE8}") = "05.SuppliesForSchool", "05.SuppliesForSchool", "{42EA5D17-19A0-424B-8E17-9DA240CB6916}"
EndProject
Project("{FAE04EC0-301F-11D3-BF4B-00C04F79EFBC}") = "05.SuppliesForSchool", "05.SuppliesForSchool\05.SuppliesForSchool.csproj", "{E0418FD8-1A18-43EC-A6CB-D5CF7B5F6D85}"
EndProject
Project("{2150E333-8FDC-42A3-9474-1A3956D46DE8}") = "06.Repainting", "06.Repainting", "{EE00A672-9760-4532-97D8-028F8F7DEE9B}"
EndProject
Project("{FAE04EC0-301F-11D3-BF4B-00C04F79EFBC}") = "06.Repainting", "06.Repainting\06.Repainting.csproj", "{E003C9FF-A83C-4552-B772-8A90F564348C}"
EndProject
Project("{2150E333-8FDC-42A3-9474-1A3956D46DE8}") = "07.FoodDelivery", "07.FoodDelivery", "{AB6A77C1-0DA0-459F-8848-F5189FF6208F}"
EndProject
Project("{FAE04EC0-301F-11D3-BF4B-00C04F79EFBC}") = "07.FoodDelivery", "07.FoodDelivery\07.FoodDelivery.csproj", "{D7F69A7D-8771-42AE-827A-585E8032ECEC}"
EndProject
Project("{2150E333-8FDC-42A3-9474-1A3956D46DE8}") = "08.BasketballEquipment", "08.BasketballEquipment", "{3CAC542B-6D71-4071-8645-FE942A4931E2}"
EndProject
Project("{FAE04EC0-301F-11D3-BF4B-00C04F79EFBC}") = "08.BasketballEquipment", "08.BasketballEquipment\08.BasketballEquipment.csproj", "{B801C744-93D1-49CA-A4C9-83782AA92FB9}"
EndProject
Project("{2150E333-8FDC-42A3-9474-1A3956D46DE8}") = "09.FishTank", "09.FishTank", "{BE550137-8CEE-4DAD-8EA1-D6D3BD1EE3B8}"
EndProject
Project("{FAE04EC0-301F-11D3-BF4B-00C04F79EFBC}") = "09.FishTank", "09.FishTank\09.FishTank.csproj", "{7057A9DF-E216-4862-B6DB-A987D2A79A5C}"
EndProject
Global
	GlobalSection(SolutionConfigurationPlatforms) = preSolution
		Debug|Any CPU = Debug|Any CPU
		Release|Any CPU = Release|Any CPU
	EndGlobalSection
	GlobalSection(ProjectConfigurationPlatforms) = postSolution
		{6727C3C0-3EA0-432E-9898-DD8E15489A02}.Debug|Any CPU.ActiveCfg = Debug|Any CPU
		{6727C3C0-3EA0-432E-9898-DD8E15489A02}.Debug|Any CPU.Build.0 = Debug|Any CPU
		{6727C3C0-3EA0-432E-9898-DD8E15489A02}.Release|Any CPU.ActiveCfg = Release|Any CPU
		{6727C3C0-3EA0-432E-9898-DD8E15489A02}.Release|Any CPU.Build.0 = Release|Any CPU
		{BEF72544-EAD3-4D9D-B95F-5A7C5D8130D2}.Debug|Any CPU.ActiveCfg = Debug|Any CPU
		{BEF72544-EAD3-4D9D-B95F-5A7C5D8130D2}.Debug|Any CPU.Build.0 = Debug|Any CPU
		{BEF72544-EAD3-4D9D-B95F-5A7C5D8130D2}.Release|Any CPU.ActiveCfg = Release|Any CPU
		{BEF72544-EAD3-4D9D-B95F-5A7C5D8130D2}.Release|Any CPU.Build.0 = Release|Any CPU
		{D261DF70-BBBC-49B7-AA33-9CE0743AAAFF}.Debug|Any CPU.ActiveCfg = Debug|Any CPU
		{D261DF70-BBBC-49B7-AA33-9CE0743AAAFF}.Debug|Any CPU.Build.0 = Debug|Any CPU
		{D261DF70-BBBC-49B7-AA33-9CE0743AAAFF}.Release|Any CPU.ActiveCfg = Release|Any CPU
		{D261DF70-BBBC-49B7-AA33-9CE0743AAAFF}.Release|Any CPU.Build.0 = Release|Any CPU
		{E2DDC571-BD87-43F0-8A3B-1F127D3DF3A2}.Debug|Any CPU.ActiveCfg = Debug|Any CPU
		{E2DDC571-BD87-43F0-8A3B-1F127D3DF3A2}.Debug|Any CPU.Build.0 = Debug|Any CPU
		{E2DDC571-BD87-43F0-8A3B-1F127D3DF3A2}.Release|Any CPU.ActiveCfg = Release|Any CPU
		{E2DDC571-BD87-43F0-8A3B-1F127D3DF3A2}.Release|Any CPU.Build.0 = Release|Any CPU
		{E0418FD8-1A18-43EC-A6CB-D5CF7B5F6D85}.Debug|Any CPU.ActiveCfg = Debug|Any CPU
		{E0418FD8-1A18-43EC-A6CB-D5CF7B5F6D85}.Debug|Any CPU.Build.0 = Debug|Any CPU
		{E0418FD8-1A18-43EC-A6CB-D5CF7B5F6D85}.Release|Any CPU.ActiveCfg = Release|Any CPU
		{E0418FD8-1A18-43EC-A6CB-D5CF7B5F6D85}.Release|Any CPU.Build.0 = Release|Any CPU
		{E003C9FF-A83C-4552-B772-8A90F564348C}.Debug|Any CPU.ActiveCfg = Debug|Any CPU
		{E003C9FF-A83C-4552-B772-8A90F564348C}.Debug|Any CPU.Build.0 = Debug|Any CPU
		{E003C9FF-A83C-4552-B772-8A90F564348C}.Release|Any CPU.ActiveCfg = Release|Any CPU
		{E003C9FF-A83C-4552-B772-8A90F564348C}.Release|Any CPU.Build.0 = Release|Any CPU
		{D7F69A7D-8771-42AE-827A-585E8032ECEC}.Debug|Any CPU.ActiveCfg = Debug|Any CPU
		{D7F69A7D-8771-42AE-827A-585E8032ECEC}.Debug|Any CPU.Build.0 = Debug|Any CPU
		{D7F69A7D-8771-42AE-827A-585E8032ECEC}.Release|Any CPU.ActiveCfg = Release|Any CPU
		{D7F69A7D-8771-42AE-827A-585E8032ECEC}.Release|Any CPU.Build.0 = Release|Any CPU
		{B801C744-93D1-49CA-A4C9-83782AA92FB9}.Debug|Any CPU.ActiveCfg = Debug|Any CPU
		{B801C744-93D1-49CA-A4C9-83782AA92FB9}.Debug|Any CPU.Build.0 = Debug|Any CPU
		{B801C744-93D1-49CA-A4C9-83782AA92FB9}.Release|Any CPU.ActiveCfg = Release|Any CPU
		{B801C744-93D1-49CA-A4C9-83782AA92FB9}.Release|Any CPU.Build.0 = Release|Any CPU
		{7057A9DF-E216-4862-B6DB-A987D2A79A5C}.Debug|Any CPU.ActiveCfg = Debug|Any CPU
		{7057A9DF-E216-4862-B6DB-A987D2A79A5C}.Debug|Any CPU.Build.0 = Debug|Any CPU
		{7057A9DF-E216-4862-B6DB-A987D2A79A5C}.Release|Any CPU.ActiveCfg = Release|Any CPU
		{7057A9DF-E216-4862-B6DB-A987D2A79A5C}.Release|Any CPU.Build.0 = Release|Any CPU
	EndGlobalSection
	GlobalSection(SolutionProperties) = preSolution
		HideSolutionNode = FALSE
	EndGlobalSection
	GlobalSection(NestedProjects) = preSolution
		{6727C3C0-3EA0-432E-9898-DD8E15489A02} = {F0DD182E-B4D7-4700-B53F-D8EE26194DC2}
		{BEF72544-EAD3-4D9D-B95F-5A7C5D8130D2} = {DFE30F0D-AEF2-450E-9D60-9040DF47C4FD}
		{D261DF70-BBBC-49B7-AA33-9CE0743AAAFF} = {62FE5016-4BF1-4799-9EBF-312E27E2ACB4}
		{E2DDC571-BD87-43F0-8A3B-1F127D3DF3A2} = {892B1B1B-329D-4231-93BE-48BA4707EB26}
		{E0418FD8-1A18-43EC-A6CB-D5CF7B5F6D85} = {42EA5D17-19A0-424B-8E17-9DA240CB6916}
		{E003C9FF-A83C-4552-B772-8A90F564348C} = {EE00A672-9760-4532-97D8-028F8F7DEE9B}
		{D7F69A7D-8771-42AE-827A-585E8032ECEC} = {AB6A77C1-0DA0-459F-8848-F5189FF6208F}
		{B801C744-93D1-49CA-A4C9-83782AA92FB9} = {3CAC542B-6D71-4071-8645-FE942A4931E2}
		{7057A9DF-E216-4862-B6DB-A987D2A79A5C} = {BE550137-8CEE-4DAD-8EA1-D6D3BD1EE3B8}
	EndGlobalSection
	GlobalSection(ExtensibilityGlobals) = postSolution
		SolutionGuid = {FD9964EB-01A7-4509-A7F3-25F1BD688D2A}
	EndGlobalSection
EndGlobal
