
Microsoft Visual Studio Solution File, Format Version 12.00
# Visual Studio Version 17
VisualStudioVersion = 17.4.33205.214
MinimumVisualStudioVersion = 10.0.40219.1
Project("{2150E333-8FDC-42A3-9474-1A3956D46DE8}") = "01.ReadText", "01.ReadText", "{3437B218-E19C-4E78-97D5-6D6B6DCC9743}"
EndProject
Project("{FAE04EC0-301F-11D3-BF4B-00C04F79EFBC}") = "01.ReadText", "01.ReadText\01.ReadText.csproj", "{D48893AA-1B34-49C5-AC0B-DBEA094F2A8E}"
EndProject
Project("{2150E333-8FDC-42A3-9474-1A3956D46DE8}") = "02.Password", "02.Password", "{B1A35A58-583C-4E8F-92FE-0521FE6AFD8A}"
EndProject
Project("{FAE04EC0-301F-11D3-BF4B-00C04F79EFBC}") = "02.Password", "02.Password\02.Password.csproj", "{6DB8EA08-573B-41E5-A102-4818237D395D}"
EndProject
Project("{2150E333-8FDC-42A3-9474-1A3956D46DE8}") = "03.SumNumbers", "03.SumNumbers", "{44841F0F-1A35-44CE-899C-2BD07CC8A420}"
EndProject
Project("{FAE04EC0-301F-11D3-BF4B-00C04F79EFBC}") = "03.SumNumbers", "03.SumNumbers\03.SumNumbers.csproj", "{DDAAD80F-08E0-4511-916C-C66BCE02AD73}"
EndProject
Project("{2150E333-8FDC-42A3-9474-1A3956D46DE8}") = "04.Sequence2kPlus1", "04.Sequence2kPlus1", "{89CFD9F7-B1A4-42E6-8E03-D6F00F58D494}"
EndProject
Project("{FAE04EC0-301F-11D3-BF4B-00C04F79EFBC}") = "04.Sequence2kPlus1", "04.Sequence2kPlus1\04.Sequence2kPlus1.csproj", "{E5233368-BDC3-4E28-BF31-C10351E8D065}"
EndProject
Project("{2150E333-8FDC-42A3-9474-1A3956D46DE8}") = "05.AccountBalance", "05.AccountBalance", "{5ED5A51E-F6B9-475C-B28E-B947DDBC6987}"
EndProject
Project("{FAE04EC0-301F-11D3-BF4B-00C04F79EFBC}") = "05.AccountBalance", "05.AccountBalance\05.AccountBalance.csproj", "{B3B8F9A7-7BA3-4129-8690-0B39E32678A3}"
EndProject
Project("{2150E333-8FDC-42A3-9474-1A3956D46DE8}") = "06.MaxNumber", "06.MaxNumber", "{02947E4D-8F5C-4E27-95CE-20BB3B0E7DE5}"
EndProject
Project("{FAE04EC0-301F-11D3-BF4B-00C04F79EFBC}") = "06.MaxNumber", "06.MaxNumber\06.MaxNumber.csproj", "{B3F6F278-FADE-4F54-A237-A6ED9CE49808}"
EndProject
Project("{2150E333-8FDC-42A3-9474-1A3956D46DE8}") = "07.MinNumber", "07.MinNumber", "{6FE99332-AB44-4B4E-9AEF-B52177F7C3E5}"
EndProject
Project("{FAE04EC0-301F-11D3-BF4B-00C04F79EFBC}") = "07.MinNumber", "07.MinNumber\07.MinNumber.csproj", "{01E0D3EF-967E-4F3D-A922-060FF6BC24A6}"
EndProject
Project("{2150E333-8FDC-42A3-9474-1A3956D46DE8}") = "08.Graduation", "08.Graduation", "{DBF7782C-C1D9-4567-9B0A-45840B0446AF}"
EndProject
Project("{FAE04EC0-301F-11D3-BF4B-00C04F79EFBC}") = "08.Graduation", "08.Graduation\08.Graduation.csproj", "{F0FF2A93-FAD6-4C9C-B5D0-26F8F9059695}"
EndProject
Global
	GlobalSection(SolutionConfigurationPlatforms) = preSolution
		Debug|Any CPU = Debug|Any CPU
		Release|Any CPU = Release|Any CPU
	EndGlobalSection
	GlobalSection(ProjectConfigurationPlatforms) = postSolution
		{D48893AA-1B34-49C5-AC0B-DBEA094F2A8E}.Debug|Any CPU.ActiveCfg = Debug|Any CPU
		{D48893AA-1B34-49C5-AC0B-DBEA094F2A8E}.Debug|Any CPU.Build.0 = Debug|Any CPU
		{D48893AA-1B34-49C5-AC0B-DBEA094F2A8E}.Release|Any CPU.ActiveCfg = Release|Any CPU
		{D48893AA-1B34-49C5-AC0B-DBEA094F2A8E}.Release|Any CPU.Build.0 = Release|Any CPU
		{6DB8EA08-573B-41E5-A102-4818237D395D}.Debug|Any CPU.ActiveCfg = Debug|Any CPU
		{6DB8EA08-573B-41E5-A102-4818237D395D}.Debug|Any CPU.Build.0 = Debug|Any CPU
		{6DB8EA08-573B-41E5-A102-4818237D395D}.Release|Any CPU.ActiveCfg = Release|Any CPU
		{6DB8EA08-573B-41E5-A102-4818237D395D}.Release|Any CPU.Build.0 = Release|Any CPU
		{DDAAD80F-08E0-4511-916C-C66BCE02AD73}.Debug|Any CPU.ActiveCfg = Debug|Any CPU
		{DDAAD80F-08E0-4511-916C-C66BCE02AD73}.Debug|Any CPU.Build.0 = Debug|Any CPU
		{DDAAD80F-08E0-4511-916C-C66BCE02AD73}.Release|Any CPU.ActiveCfg = Release|Any CPU
		{DDAAD80F-08E0-4511-916C-C66BCE02AD73}.Release|Any CPU.Build.0 = Release|Any CPU
		{E5233368-BDC3-4E28-BF31-C10351E8D065}.Debug|Any CPU.ActiveCfg = Debug|Any CPU
		{E5233368-BDC3-4E28-BF31-C10351E8D065}.Debug|Any CPU.Build.0 = Debug|Any CPU
		{E5233368-BDC3-4E28-BF31-C10351E8D065}.Release|Any CPU.ActiveCfg = Release|Any CPU
		{E5233368-BDC3-4E28-BF31-C10351E8D065}.Release|Any CPU.Build.0 = Release|Any CPU
		{B3B8F9A7-7BA3-4129-8690-0B39E32678A3}.Debug|Any CPU.ActiveCfg = Debug|Any CPU
		{B3B8F9A7-7BA3-4129-8690-0B39E32678A3}.Debug|Any CPU.Build.0 = Debug|Any CPU
		{B3B8F9A7-7BA3-4129-8690-0B39E32678A3}.Release|Any CPU.ActiveCfg = Release|Any CPU
		{B3B8F9A7-7BA3-4129-8690-0B39E32678A3}.Release|Any CPU.Build.0 = Release|Any CPU
		{B3F6F278-FADE-4F54-A237-A6ED9CE49808}.Debug|Any CPU.ActiveCfg = Debug|Any CPU
		{B3F6F278-FADE-4F54-A237-A6ED9CE49808}.Debug|Any CPU.Build.0 = Debug|Any CPU
		{B3F6F278-FADE-4F54-A237-A6ED9CE49808}.Release|Any CPU.ActiveCfg = Release|Any CPU
		{B3F6F278-FADE-4F54-A237-A6ED9CE49808}.Release|Any CPU.Build.0 = Release|Any CPU
		{01E0D3EF-967E-4F3D-A922-060FF6BC24A6}.Debug|Any CPU.ActiveCfg = Debug|Any CPU
		{01E0D3EF-967E-4F3D-A922-060FF6BC24A6}.Debug|Any CPU.Build.0 = Debug|Any CPU
		{01E0D3EF-967E-4F3D-A922-060FF6BC24A6}.Release|Any CPU.ActiveCfg = Release|Any CPU
		{01E0D3EF-967E-4F3D-A922-060FF6BC24A6}.Release|Any CPU.Build.0 = Release|Any CPU
		{F0FF2A93-FAD6-4C9C-B5D0-26F8F9059695}.Debug|Any CPU.ActiveCfg = Debug|Any CPU
		{F0FF2A93-FAD6-4C9C-B5D0-26F8F9059695}.Debug|Any CPU.Build.0 = Debug|Any CPU
		{F0FF2A93-FAD6-4C9C-B5D0-26F8F9059695}.Release|Any CPU.ActiveCfg = Release|Any CPU
		{F0FF2A93-FAD6-4C9C-B5D0-26F8F9059695}.Release|Any CPU.Build.0 = Release|Any CPU
	EndGlobalSection
	GlobalSection(SolutionProperties) = preSolution
		HideSolutionNode = FALSE
	EndGlobalSection
	GlobalSection(NestedProjects) = preSolution
		{D48893AA-1B34-49C5-AC0B-DBEA094F2A8E} = {3437B218-E19C-4E78-97D5-6D6B6DCC9743}
		{6DB8EA08-573B-41E5-A102-4818237D395D} = {B1A35A58-583C-4E8F-92FE-0521FE6AFD8A}
		{DDAAD80F-08E0-4511-916C-C66BCE02AD73} = {44841F0F-1A35-44CE-899C-2BD07CC8A420}
		{E5233368-BDC3-4E28-BF31-C10351E8D065} = {89CFD9F7-B1A4-42E6-8E03-D6F00F58D494}
		{B3B8F9A7-7BA3-4129-8690-0B39E32678A3} = {5ED5A51E-F6B9-475C-B28E-B947DDBC6987}
		{B3F6F278-FADE-4F54-A237-A6ED9CE49808} = {02947E4D-8F5C-4E27-95CE-20BB3B0E7DE5}
		{01E0D3EF-967E-4F3D-A922-060FF6BC24A6} = {6FE99332-AB44-4B4E-9AEF-B52177F7C3E5}
		{F0FF2A93-FAD6-4C9C-B5D0-26F8F9059695} = {DBF7782C-C1D9-4567-9B0A-45840B0446AF}
	EndGlobalSection
	GlobalSection(ExtensibilityGlobals) = postSolution
		SolutionGuid = {B8F16E8B-728C-4FA3-9D7F-7CC610AB12F4}
	EndGlobalSection
EndGlobal
